
Microsoft Visual Studio Solution File, Format Version 12.00
# Visual Studio Version 17
VisualStudioVersion = 17.2.32519.379
MinimumVisualStudioVersion = 10.0.40219.1
Project("{FAE04EC0-301F-11D3-BF4B-00C04F79EFBC}") = "ColorGame", "ColorGame\ColorGame.csproj", "{901A1FF9-904F-4E53-B347-7EBA01789B4F}"
EndProject
Global
	GlobalSection(SolutionConfigurationPlatforms) = preSolution
		Debug|Any CPU = Debug|Any CPU
		Release|Any CPU = Release|Any CPU
	EndGlobalSection
	GlobalSection(ProjectConfigurationPlatforms) = postSolution
		{901A1FF9-904F-4E53-B347-7EBA01789B4F}.Debug|Any CPU.ActiveCfg = Debug|Any CPU
		{901A1FF9-904F-4E53-B347-7EBA01789B4F}.Debug|Any CPU.Build.0 = Debug|Any CPU
		{901A1FF9-904F-4E53-B347-7EBA01789B4F}.Release|Any CPU.ActiveCfg = Release|Any CPU
		{901A1FF9-904F-4E53-B347-7EBA01789B4F}.Release|Any CPU.Build.0 = Release|Any CPU
	EndGlobalSection
	GlobalSection(SolutionProperties) = preSolution
		HideSolutionNode = FALSE
	EndGlobalSection
	GlobalSection(ExtensibilityGlobals) = postSolution
		SolutionGuid = {30DB5078-7327-4F08-B0F5-A9A74D5BD4E9}
	EndGlobalSection
EndGlobal
